
Microsoft Visual Studio Solution File, Format Version 12.00
# Visual Studio Version 16
VisualStudioVersion = 16.0.30406.217
MinimumVisualStudioVersion = 10.0.40219.1
Project("{FAE04EC0-301F-11D3-BF4B-00C04F79EFBC}") = "Lecture8", "Lecture8\Lecture8.csproj", "{38993D0A-A618-4FB1-A487-C023E5094054}"
EndProject
Project("{FAE04EC0-301F-11D3-BF4B-00C04F79EFBC}") = "Lecture8Visitor", "Lecture8Visitor\Lecture8Visitor.csproj", "{9046EE22-35DF-4716-A2D6-A4F6CB793DC8}"
EndProject
Global
	GlobalSection(SolutionConfigurationPlatforms) = preSolution
		Debug|Any CPU = Debug|Any CPU
		Release|Any CPU = Release|Any CPU
	EndGlobalSection
	GlobalSection(ProjectConfigurationPlatforms) = postSolution
		{38993D0A-A618-4FB1-A487-C023E5094054}.Debug|Any CPU.ActiveCfg = Debug|Any CPU
		{38993D0A-A618-4FB1-A487-C023E5094054}.Debug|Any CPU.Build.0 = Debug|Any CPU
		{38993D0A-A618-4FB1-A487-C023E5094054}.Release|Any CPU.ActiveCfg = Release|Any CPU
		{38993D0A-A618-4FB1-A487-C023E5094054}.Release|Any CPU.Build.0 = Release|Any CPU
		{9046EE22-35DF-4716-A2D6-A4F6CB793DC8}.Debug|Any CPU.ActiveCfg = Debug|Any CPU
		{9046EE22-35DF-4716-A2D6-A4F6CB793DC8}.Debug|Any CPU.Build.0 = Debug|Any CPU
		{9046EE22-35DF-4716-A2D6-A4F6CB793DC8}.Release|Any CPU.ActiveCfg = Release|Any CPU
		{9046EE22-35DF-4716-A2D6-A4F6CB793DC8}.Release|Any CPU.Build.0 = Release|Any CPU
	EndGlobalSection
	GlobalSection(SolutionProperties) = preSolution
		HideSolutionNode = FALSE
	EndGlobalSection
	GlobalSection(ExtensibilityGlobals) = postSolution
		SolutionGuid = {CEA3DDE4-C549-47F3-9C40-1854992871B6}
	EndGlobalSection
EndGlobal
